
Microsoft Visual Studio Solution File, Format Version 12.00
# Visual Studio Version 17
VisualStudioVersion = 17.9.34607.119
MinimumVisualStudioVersion = 10.0.40219.1
Project("{FAE04EC0-301F-11D3-BF4B-00C04F79EFBC}") = "aluguer_de_equipamentos", "aluguer_de_equipamentos.csproj", "{EDE7B2B0-54B8-4D59-AE5C-CB7C2275A466}"
EndProject
Global
	GlobalSection(SolutionConfigurationPlatforms) = preSolution
		Debug|Any CPU = Debug|Any CPU
		Release|Any CPU = Release|Any CPU
	EndGlobalSection
	GlobalSection(ProjectConfigurationPlatforms) = postSolution
		{EDE7B2B0-54B8-4D59-AE5C-CB7C2275A466}.Debug|Any CPU.ActiveCfg = Debug|Any CPU
		{EDE7B2B0-54B8-4D59-AE5C-CB7C2275A466}.Debug|Any CPU.Build.0 = Debug|Any CPU
		{EDE7B2B0-54B8-4D59-AE5C-CB7C2275A466}.Release|Any CPU.ActiveCfg = Release|Any CPU
		{EDE7B2B0-54B8-4D59-AE5C-CB7C2275A466}.Release|Any CPU.Build.0 = Release|Any CPU
	EndGlobalSection
	GlobalSection(SolutionProperties) = preSolution
		HideSolutionNode = FALSE
	EndGlobalSection
	GlobalSection(ExtensibilityGlobals) = postSolution
		SolutionGuid = {C5F0372C-FFC1-446A-9741-06BAC1F75669}
	EndGlobalSection
EndGlobal
